{
    "_readme": [
        "This file locks the dependencies of your project to a known state",
        "Read more about it at https://getcomposer.org/doc/01-basic-usage.md#installing-dependencies",
        "This file is @generated automatically"
    ],
    "content-hash": "62883e36c8d45401d136bba3298ef656",
    "packages": [],
    "packages-dev": [
        {
            "name": "nwidart/laravel-modules",
            "version": "10.0.6",
            "source": {
                "type": "git",
                "url": "https://github.com/nWidart/laravel-modules.git",
                "reference": "a6f2c8b53ae7945ef41d296735e963cee885ebde"
            },
            "dist": {
                "type": "zip",
                "url": "https://api.github.com/repos/nWidart/laravel-modules/zipball/a6f2c8b53ae7945ef41d296735e963cee885ebde",
                "reference": "a6f2c8b53ae7945ef41d296735e963cee885ebde",
                "shasum": ""
            },
            "require": {
                "ext-json": "*",
                "php": ">=8.1"
            },
            "require-dev": {
                "friendsofphp/php-cs-fixer": "^3.6",
                "laravel/framework": "^10.41",
                "mockery/mockery": "^1.5",
                "orchestra/testbench": "^8.0",
                "phpstan/phpstan": "^1.4",
                "phpunit/phpunit": "^10.0",
                "spatie/phpunit-snapshot-assertions": "^5.0"
            },
            "type": "library",
            "extra": {
                "laravel": {
                    "providers": [
                        "Nwidart\\Modules\\LaravelModulesServiceProvider"
                    ],
                    "aliases": {
                        "Module": "Nwidart\\Modules\\Facades\\Module"
                    }
                },
                "branch-alias": {
                    "dev-master": "10.0-dev"
                }
            },
            "autoload": {
                "files": [
                    "src/helpers.php"
                ],
                "psr-4": {
                    "Nwidart\\Modules\\": "src"
                }
            },
            "notification-url": "https://packagist.org/downloads/",
            "license": [
                "MIT"
            ],
            "authors": [
                {
                    "name": "Nicolas Widart",
                    "email": "n.widart@gmail.com",
                    "homepage": "https://nicolaswidart.com",
                    "role": "Developer"
                }
            ],
            "description": "Laravel Module management",
            "keywords": [
                "laravel",
                "module",
                "modules",
                "nwidart",
                "rad"
            ],
            "support": {
                "issues": "https://github.com/nWidart/laravel-modules/issues",
                "source": "https://github.com/nWidart/laravel-modules/tree/10.0.6"
            },
            "funding": [
                {
                    "url": "https://github.com/dcblogdev",
                    "type": "github"
                },
                {
                    "url": "https://github.com/nwidart",
                    "type": "github"
                }
            ],
            "time": "2024-01-28T10:04:15+00:00"
        }
    ],
    "aliases": [],
    "minimum-stability": "stable",
    "stability-flags": [],
    "prefer-stable": false,
    "prefer-lowest": false,
    "platform": [],
    "platform-dev": [],
    "plugin-api-version": "2.6.0"
}
